# This file is automatically @generated by Cargo.
# It is not intended for manual editing.
version = 3

[[package]]
name = "gibberish"
version = "0.1.0"
dependencies = [
 "preftree",
]

[[package]]
name = "preftree"
version = "0.1.0"
source = "registry+https://github.com/rust-lang/crates.io-index"
checksum = "83ad1284da0db5fdaf95fafddb332bf8408dcad65dc5e9d25bf1a6b6ff3abe02"
